
Microsoft Visual Studio Solution File, Format Version 12.00
# Visual Studio Version 16
VisualStudioVersion = 16.0.28803.352
MinimumVisualStudioVersion = 10.0.40219.1
Project("{FAE04EC0-301F-11D3-BF4B-00C04F79EFBC}") = "ApiGateway", "ApiGateway\ApiGateway.csproj", "{C9B04158-30F9-4524-9535-7BB133A19F8F}"
EndProject
Project("{FAE04EC0-301F-11D3-BF4B-00C04F79EFBC}") = "ApiGateway.Test", "ApiGateway.Test\ApiGateway.Test.csproj", "{1DDDB29C-485A-4975-9B6E-7DDD02655F4C}"
EndProject
Global
	GlobalSection(SolutionConfigurationPlatforms) = preSolution
		Debug|Any CPU = Debug|Any CPU
		Release|Any CPU = Release|Any CPU
	EndGlobalSection
	GlobalSection(ProjectConfigurationPlatforms) = postSolution
		{C9B04158-30F9-4524-9535-7BB133A19F8F}.Debug|Any CPU.ActiveCfg = Debug|Any CPU
		{C9B04158-30F9-4524-9535-7BB133A19F8F}.Debug|Any CPU.Build.0 = Debug|Any CPU
		{C9B04158-30F9-4524-9535-7BB133A19F8F}.Release|Any CPU.ActiveCfg = Release|Any CPU
		{C9B04158-30F9-4524-9535-7BB133A19F8F}.Release|Any CPU.Build.0 = Release|Any CPU
		{1DDDB29C-485A-4975-9B6E-7DDD02655F4C}.Debug|Any CPU.ActiveCfg = Debug|Any CPU
		{1DDDB29C-485A-4975-9B6E-7DDD02655F4C}.Debug|Any CPU.Build.0 = Debug|Any CPU
		{1DDDB29C-485A-4975-9B6E-7DDD02655F4C}.Release|Any CPU.ActiveCfg = Release|Any CPU
		{1DDDB29C-485A-4975-9B6E-7DDD02655F4C}.Release|Any CPU.Build.0 = Release|Any CPU
	EndGlobalSection
	GlobalSection(SolutionProperties) = preSolution
		HideSolutionNode = FALSE
	EndGlobalSection
	GlobalSection(ExtensibilityGlobals) = postSolution
		SolutionGuid = {20125FF3-F9F7-4964-9259-9F1F5133FC93}
	EndGlobalSection
EndGlobal
